
Microsoft Visual Studio Solution File, Format Version 12.00
# Visual Studio Version 17
VisualStudioVersion = 17.3.32825.248
MinimumVisualStudioVersion = 10.0.40219.1
Project("{FAE04EC0-301F-11D3-BF4B-00C04F79EFBC}") = "DataBase2", "DataBase2\DataBase2.csproj", "{CC468101-6066-4174-9579-8D72E6CD4067}"
EndProject
Global
	GlobalSection(SolutionConfigurationPlatforms) = preSolution
		Debug|Any CPU = Debug|Any CPU
		Release|Any CPU = Release|Any CPU
	EndGlobalSection
	GlobalSection(ProjectConfigurationPlatforms) = postSolution
		{CC468101-6066-4174-9579-8D72E6CD4067}.Debug|Any CPU.ActiveCfg = Debug|Any CPU
		{CC468101-6066-4174-9579-8D72E6CD4067}.Debug|Any CPU.Build.0 = Debug|Any CPU
		{CC468101-6066-4174-9579-8D72E6CD4067}.Release|Any CPU.ActiveCfg = Release|Any CPU
		{CC468101-6066-4174-9579-8D72E6CD4067}.Release|Any CPU.Build.0 = Release|Any CPU
	EndGlobalSection
	GlobalSection(SolutionProperties) = preSolution
		HideSolutionNode = FALSE
	EndGlobalSection
	GlobalSection(ExtensibilityGlobals) = postSolution
		SolutionGuid = {AF1C9CC0-01A8-4FF7-AA34-3F61AF6107C3}
	EndGlobalSection
EndGlobal
